
Microsoft Visual Studio Solution File, Format Version 12.00
# Visual Studio Version 16
VisualStudioVersion = 16.0.30907.101
MinimumVisualStudioVersion = 10.0.40219.1
Project("{FAE04EC0-301F-11D3-BF4B-00C04F79EFBC}") = "08312021_Empite_Co_Solution", "08312021_Empite_Co_Solution.csproj", "{A0EBBFE0-15A0-4DA7-B6AA-37CEF6E4164C}"
EndProject
Global
	GlobalSection(SolutionConfigurationPlatforms) = preSolution
		Debug|Any CPU = Debug|Any CPU
		Release|Any CPU = Release|Any CPU
	EndGlobalSection
	GlobalSection(ProjectConfigurationPlatforms) = postSolution
		{A0EBBFE0-15A0-4DA7-B6AA-37CEF6E4164C}.Debug|Any CPU.ActiveCfg = Debug|Any CPU
		{A0EBBFE0-15A0-4DA7-B6AA-37CEF6E4164C}.Debug|Any CPU.Build.0 = Debug|Any CPU
		{A0EBBFE0-15A0-4DA7-B6AA-37CEF6E4164C}.Release|Any CPU.ActiveCfg = Release|Any CPU
		{A0EBBFE0-15A0-4DA7-B6AA-37CEF6E4164C}.Release|Any CPU.Build.0 = Release|Any CPU
	EndGlobalSection
	GlobalSection(SolutionProperties) = preSolution
		HideSolutionNode = FALSE
	EndGlobalSection
	GlobalSection(ExtensibilityGlobals) = postSolution
		SolutionGuid = {242ABD93-05B5-4AF5-AD09-B94397336DB4}
	EndGlobalSection
EndGlobal
